
Microsoft Visual Studio Solution File, Format Version 12.00
# Visual Studio 15
Project("{FAE04EC0-301F-11D3-BF4B-00C04F79EFBC}") = "CopyDarkSource", "Assembly-CSharp.csproj", "{A39A1078-B9EB-18D4-8D0C-D27E665E8DFE}"
EndProject
Global
	GlobalSection(SolutionConfigurationPlatforms) = preSolution
		Debug|Any CPU = Debug|Any CPU
		Release|Any CPU = Release|Any CPU
	EndGlobalSection
	GlobalSection(ProjectConfigurationPlatforms) = postSolution
		{A39A1078-B9EB-18D4-8D0C-D27E665E8DFE}.Debug|Any CPU.ActiveCfg = Debug|Any CPU
		{A39A1078-B9EB-18D4-8D0C-D27E665E8DFE}.Debug|Any CPU.Build.0 = Debug|Any CPU
		{A39A1078-B9EB-18D4-8D0C-D27E665E8DFE}.Release|Any CPU.ActiveCfg = Release|Any CPU
		{A39A1078-B9EB-18D4-8D0C-D27E665E8DFE}.Release|Any CPU.Build.0 = Release|Any CPU
	EndGlobalSection
	GlobalSection(SolutionProperties) = preSolution
		HideSolutionNode = FALSE
	EndGlobalSection
EndGlobal
